
Microsoft Visual Studio Solution File, Format Version 12.00
# Visual Studio 14
VisualStudioVersion = 14.0.25420.1
MinimumVisualStudioVersion = 10.0.40219.1
Project("{FAE04EC0-301F-11D3-BF4B-00C04F79EFBC}") = "EXE", "Arrays - More Exercises\EXE.csproj", "{5B57E528-E9E3-4D4A-B4CA-84498EBCAB6A}"
EndProject
Project("{FAE04EC0-301F-11D3-BF4B-00C04F79EFBC}") = "1.Last 3 Consecutive Equals String", "Arrays-More Exercises\1.Last 3 Consecutive Equals String.csproj", "{BEB98FBC-68B9-4588-BFA3-057A8BEB8283}"
EndProject
Project("{FAE04EC0-301F-11D3-BF4B-00C04F79EFBC}") = "2.Array Elements Egual To Their Index", "2.Array Elements Egual To Their Index\2.Array Elements Egual To Their Index.csproj", "{CF174980-ACC3-497C-A959-3DA200725DA4}"
EndProject
Project("{FAE04EC0-301F-11D3-BF4B-00C04F79EFBC}") = "3.Phonebook", "3.Phonebook\3.Phonebook.csproj", "{2643B8DF-35C9-4FD0-A2ED-57C1D079A8FA}"
EndProject
Project("{FAE04EC0-301F-11D3-BF4B-00C04F79EFBC}") = "4.Phone", "4.Phone\4.Phone.csproj", "{73CACAE4-7C38-4BE7-81E4-3E915ACBEB21}"
EndProject
Project("{FAE04EC0-301F-11D3-BF4B-00C04F79EFBC}") = "5.Char Rotation", "5.Char Rotation\5.Char Rotation.csproj", "{07171CB0-FB56-4C21-8DF6-B1346FF3D371}"
EndProject
Project("{FAE04EC0-301F-11D3-BF4B-00C04F79EFBC}") = "6.Power Plants", "6.Power Plants\6.Power Plants.csproj", "{6958B79B-A58E-4ED1-A025-E2ECFAA4F0DE}"
EndProject
Project("{FAE04EC0-301F-11D3-BF4B-00C04F79EFBC}") = "7", "6. Power Plants\7.csproj", "{A19BA3A0-29C3-44CA-9B63-CAFDC9DBD8CA}"
EndProject
Global
	GlobalSection(SolutionConfigurationPlatforms) = preSolution
		Debug|Any CPU = Debug|Any CPU
		Release|Any CPU = Release|Any CPU
	EndGlobalSection
	GlobalSection(ProjectConfigurationPlatforms) = postSolution
		{5B57E528-E9E3-4D4A-B4CA-84498EBCAB6A}.Debug|Any CPU.ActiveCfg = Debug|Any CPU
		{5B57E528-E9E3-4D4A-B4CA-84498EBCAB6A}.Debug|Any CPU.Build.0 = Debug|Any CPU
		{5B57E528-E9E3-4D4A-B4CA-84498EBCAB6A}.Release|Any CPU.ActiveCfg = Release|Any CPU
		{5B57E528-E9E3-4D4A-B4CA-84498EBCAB6A}.Release|Any CPU.Build.0 = Release|Any CPU
		{BEB98FBC-68B9-4588-BFA3-057A8BEB8283}.Debug|Any CPU.ActiveCfg = Debug|Any CPU
		{BEB98FBC-68B9-4588-BFA3-057A8BEB8283}.Debug|Any CPU.Build.0 = Debug|Any CPU
		{BEB98FBC-68B9-4588-BFA3-057A8BEB8283}.Release|Any CPU.ActiveCfg = Release|Any CPU
		{BEB98FBC-68B9-4588-BFA3-057A8BEB8283}.Release|Any CPU.Build.0 = Release|Any CPU
		{CF174980-ACC3-497C-A959-3DA200725DA4}.Debug|Any CPU.ActiveCfg = Debug|Any CPU
		{CF174980-ACC3-497C-A959-3DA200725DA4}.Debug|Any CPU.Build.0 = Debug|Any CPU
		{CF174980-ACC3-497C-A959-3DA200725DA4}.Release|Any CPU.ActiveCfg = Release|Any CPU
		{CF174980-ACC3-497C-A959-3DA200725DA4}.Release|Any CPU.Build.0 = Release|Any CPU
		{2643B8DF-35C9-4FD0-A2ED-57C1D079A8FA}.Debug|Any CPU.ActiveCfg = Debug|Any CPU
		{2643B8DF-35C9-4FD0-A2ED-57C1D079A8FA}.Debug|Any CPU.Build.0 = Debug|Any CPU
		{2643B8DF-35C9-4FD0-A2ED-57C1D079A8FA}.Release|Any CPU.ActiveCfg = Release|Any CPU
		{2643B8DF-35C9-4FD0-A2ED-57C1D079A8FA}.Release|Any CPU.Build.0 = Release|Any CPU
		{73CACAE4-7C38-4BE7-81E4-3E915ACBEB21}.Debug|Any CPU.ActiveCfg = Debug|Any CPU
		{73CACAE4-7C38-4BE7-81E4-3E915ACBEB21}.Debug|Any CPU.Build.0 = Debug|Any CPU
		{73CACAE4-7C38-4BE7-81E4-3E915ACBEB21}.Release|Any CPU.ActiveCfg = Release|Any CPU
		{73CACAE4-7C38-4BE7-81E4-3E915ACBEB21}.Release|Any CPU.Build.0 = Release|Any CPU
		{07171CB0-FB56-4C21-8DF6-B1346FF3D371}.Debug|Any CPU.ActiveCfg = Debug|Any CPU
		{07171CB0-FB56-4C21-8DF6-B1346FF3D371}.Debug|Any CPU.Build.0 = Debug|Any CPU
		{07171CB0-FB56-4C21-8DF6-B1346FF3D371}.Release|Any CPU.ActiveCfg = Release|Any CPU
		{07171CB0-FB56-4C21-8DF6-B1346FF3D371}.Release|Any CPU.Build.0 = Release|Any CPU
		{6958B79B-A58E-4ED1-A025-E2ECFAA4F0DE}.Debug|Any CPU.ActiveCfg = Debug|Any CPU
		{6958B79B-A58E-4ED1-A025-E2ECFAA4F0DE}.Debug|Any CPU.Build.0 = Debug|Any CPU
		{6958B79B-A58E-4ED1-A025-E2ECFAA4F0DE}.Release|Any CPU.ActiveCfg = Release|Any CPU
		{6958B79B-A58E-4ED1-A025-E2ECFAA4F0DE}.Release|Any CPU.Build.0 = Release|Any CPU
		{A19BA3A0-29C3-44CA-9B63-CAFDC9DBD8CA}.Debug|Any CPU.ActiveCfg = Debug|Any CPU
		{A19BA3A0-29C3-44CA-9B63-CAFDC9DBD8CA}.Debug|Any CPU.Build.0 = Debug|Any CPU
		{A19BA3A0-29C3-44CA-9B63-CAFDC9DBD8CA}.Release|Any CPU.ActiveCfg = Release|Any CPU
		{A19BA3A0-29C3-44CA-9B63-CAFDC9DBD8CA}.Release|Any CPU.Build.0 = Release|Any CPU
	EndGlobalSection
	GlobalSection(SolutionProperties) = preSolution
		HideSolutionNode = FALSE
	EndGlobalSection
EndGlobal
