
Microsoft Visual Studio Solution File, Format Version 12.00
# Visual Studio 14
VisualStudioVersion = 14.0.25420.1
MinimumVisualStudioVersion = 10.0.40219.1
Project("{FAE04EC0-301F-11D3-BF4B-00C04F79EFBC}") = "3. Miles to Kilometers", "Fundameltals-Home1\3. Miles to Kilometers.csproj", "{C7E62B50-F05E-4EE9-B2BF-000E11BFE314}"
EndProject
Project("{FAE04EC0-301F-11D3-BF4B-00C04F79EFBC}") = "2. Rectangle Area", "2. Rectangle Area\2. Rectangle Area.csproj", "{B1074489-C1EB-4A67-BC78-6CD95F34686C}"
EndProject
Project("{FAE04EC0-301F-11D3-BF4B-00C04F79EFBC}") = "1. Debit Card Number", "1. Debit Card Number\1. Debit Card Number.csproj", "{4531B15B-0A97-44FB-A321-67AA1D21EF72}"
EndProject
Project("{FAE04EC0-301F-11D3-BF4B-00C04F79EFBC}") = "4. Beverage Labels", "4. Beverage Labels\4. Beverage Labels.csproj", "{84074B3A-215A-415F-A6B0-8DBB86C48790}"
EndProject
Project("{FAE04EC0-301F-11D3-BF4B-00C04F79EFBC}") = "EXE", "EXE\EXE.csproj", "{303F3B71-FD88-4443-916F-9A50D96D5763}"
EndProject
Project("{FAE04EC0-301F-11D3-BF4B-00C04F79EFBC}") = "5. Character Stats", "5. Character Stats\5. Character Stats.csproj", "{3F1F6ED2-E37E-4CD8-A486-EDFACFADBBB7}"
EndProject
Global
	GlobalSection(SolutionConfigurationPlatforms) = preSolution
		Debug|Any CPU = Debug|Any CPU
		Release|Any CPU = Release|Any CPU
	EndGlobalSection
	GlobalSection(ProjectConfigurationPlatforms) = postSolution
		{C7E62B50-F05E-4EE9-B2BF-000E11BFE314}.Debug|Any CPU.ActiveCfg = Debug|Any CPU
		{C7E62B50-F05E-4EE9-B2BF-000E11BFE314}.Debug|Any CPU.Build.0 = Debug|Any CPU
		{C7E62B50-F05E-4EE9-B2BF-000E11BFE314}.Release|Any CPU.ActiveCfg = Release|Any CPU
		{C7E62B50-F05E-4EE9-B2BF-000E11BFE314}.Release|Any CPU.Build.0 = Release|Any CPU
		{B1074489-C1EB-4A67-BC78-6CD95F34686C}.Debug|Any CPU.ActiveCfg = Debug|Any CPU
		{B1074489-C1EB-4A67-BC78-6CD95F34686C}.Debug|Any CPU.Build.0 = Debug|Any CPU
		{B1074489-C1EB-4A67-BC78-6CD95F34686C}.Release|Any CPU.ActiveCfg = Release|Any CPU
		{B1074489-C1EB-4A67-BC78-6CD95F34686C}.Release|Any CPU.Build.0 = Release|Any CPU
		{4531B15B-0A97-44FB-A321-67AA1D21EF72}.Debug|Any CPU.ActiveCfg = Debug|Any CPU
		{4531B15B-0A97-44FB-A321-67AA1D21EF72}.Debug|Any CPU.Build.0 = Debug|Any CPU
		{4531B15B-0A97-44FB-A321-67AA1D21EF72}.Release|Any CPU.ActiveCfg = Release|Any CPU
		{4531B15B-0A97-44FB-A321-67AA1D21EF72}.Release|Any CPU.Build.0 = Release|Any CPU
		{84074B3A-215A-415F-A6B0-8DBB86C48790}.Debug|Any CPU.ActiveCfg = Debug|Any CPU
		{84074B3A-215A-415F-A6B0-8DBB86C48790}.Debug|Any CPU.Build.0 = Debug|Any CPU
		{84074B3A-215A-415F-A6B0-8DBB86C48790}.Release|Any CPU.ActiveCfg = Release|Any CPU
		{84074B3A-215A-415F-A6B0-8DBB86C48790}.Release|Any CPU.Build.0 = Release|Any CPU
		{303F3B71-FD88-4443-916F-9A50D96D5763}.Debug|Any CPU.ActiveCfg = Debug|Any CPU
		{303F3B71-FD88-4443-916F-9A50D96D5763}.Debug|Any CPU.Build.0 = Debug|Any CPU
		{303F3B71-FD88-4443-916F-9A50D96D5763}.Release|Any CPU.ActiveCfg = Release|Any CPU
		{303F3B71-FD88-4443-916F-9A50D96D5763}.Release|Any CPU.Build.0 = Release|Any CPU
		{3F1F6ED2-E37E-4CD8-A486-EDFACFADBBB7}.Debug|Any CPU.ActiveCfg = Debug|Any CPU
		{3F1F6ED2-E37E-4CD8-A486-EDFACFADBBB7}.Debug|Any CPU.Build.0 = Debug|Any CPU
		{3F1F6ED2-E37E-4CD8-A486-EDFACFADBBB7}.Release|Any CPU.ActiveCfg = Release|Any CPU
		{3F1F6ED2-E37E-4CD8-A486-EDFACFADBBB7}.Release|Any CPU.Build.0 = Release|Any CPU
	EndGlobalSection
	GlobalSection(SolutionProperties) = preSolution
		HideSolutionNode = FALSE
	EndGlobalSection
EndGlobal
